// !$*UTF8*$!
{
	archiveVersion = 1;
	classes = {
	};
	objectVersion = 50;
	objects = {

/* Begin PBXBuildFile section */
		56FF25F3249753DD00E5518E /* AppDelegate.swift in Sources */ = {isa = PBXBuildFile; fileRef = 56FF25F2249753DD00E5518E /* AppDelegate.swift */; };
		56FF25F5249753DE00E5518E /* SceneDelegate.swift in Sources */ = {isa = PBXBuildFile; fileRef = 56FF25F4249753DE00E5518E /* SceneDelegate.swift */; };
		56FF25F7249753DE00E5518E /* ViewController.swift in Sources */ = {isa = PBXBuildFile; fileRef = 56FF25F6249753DE00E5518E /* ViewController.swift */; };
		56FF25FC249753E000E5518E /* Assets.xcassets in Resources */ = {isa = PBXBuildFile; fileRef = 56FF25FB249753E000E5518E /* Assets.xcassets */; };
		56FF25FF249753E000E5518E /* LaunchScreen.storyboard in Resources */ = {isa = PBXBuildFile; fileRef = 56FF25FD249753E000E5518E /* LaunchScreen.storyboard */; };
		56FF26082497593000E5518E /* Note.swift in Sources */ = {isa = PBXBuildFile; fileRef = 56FF26072497593000E5518E /* Note.swift */; };
		56FF260A24975D1800E5518E /*  NoteExtension.swift in Sources */ = {isa = PBXBuildFile; fileRef = 56FF260924975D1800E5518E /*  NoteExtension.swift */; };
/* End PBXBuildFile section */

/* Begin PBXFileReference section */
		56FF25EF249753DD00E5518E /* BestNotesYandex.app */ = {isa = PBXFileReference; explicitFileType = wrapper.application; includeInIndex = 0; path = BestNotesYandex.app; sourceTree = BUILT_PRODUCTS_DIR; };
		56FF25F2249753DD00E5518E /* AppDelegate.swift */ = {isa = PBXFileReference; lastKnownFileType = sourcecode.swift; path = AppDelegate.swift; sourceTree = "<group>"; };
		56FF25F4249753DE00E5518E /* SceneDelegate.swift */ = {isa = PBXFileReference; lastKnownFileType = sourcecode.swift; path = SceneDelegate.swift; sourceTree = "<group>"; };
		56FF25F6249753DE00E5518E /* ViewController.swift */ = {isa = PBXFileReference; lastKnownFileType = sourcecode.swift; path = ViewController.swift; sourceTree = "<group>"; };
		56FF25FB249753E000E5518E /* Assets.xcassets */ = {isa = PBXFileReference; lastKnownFileType = folder.assetcatalog; path = Assets.xcassets; sourceTree = "<group>"; };
		56FF25FE249753E000E5518E /* Base */ = {isa = PBXFileReference; lastKnownFileType = file.storyboard; name = Base; path = Base.lproj/LaunchScreen.storyboard; sourceTree = "<group>"; };
		56FF2600249753E000E5518E /* Info.plist */ = {isa = PBXFileReference; lastKnownFileType = text.plist.xml; path = Info.plist; sourceTree = "<group>"; };
		56FF26072497593000E5518E /* Note.swift */ = {isa = PBXFileReference; lastKnownFileType = sourcecode.swift; path = Note.swift; sourceTree = "<group>"; };
		56FF260924975D1800E5518E /*  NoteExtension.swift */ = {isa = PBXFileReference; lastKnownFileType = sourcecode.swift; path = " NoteExtension.swift"; sourceTree = "<group>"; };
/* End PBXFileReference section */

/* Begin PBXFrameworksBuildPhase section */
		56FF25EC249753DD00E5518E /* Frameworks */ = {
			isa = PBXFrameworksBuildPhase;
			buildActionMask = 2147483647;
			files = (
			);
			runOnlyForDeploymentPostprocessing = 0;
		};
/* End PBXFrameworksBuildPhase section */

/* Begin PBXGroup section */
		56FF25E6249753DD00E5518E = {
			isa = PBXGroup;
			children = (
				56FF25F1249753DD00E5518E /* BestNotesYandex */,
				56FF25F0249753DD00E5518E /* Products */,
			);
			sourceTree = "<group>";
		};
		56FF25F0249753DD00E5518E /* Products */ = {
			isa = PBXGroup;
			children = (
				56FF25EF249753DD00E5518E /* BestNotesYandex.app */,
			);
			name = Products;
			sourceTree = "<group>";
		};
		56FF25F1249753DD00E5518E /* BestNotesYandex */ = {
			isa = PBXGroup;
			children = (
				56FF25F2249753DD00E5518E /* AppDelegate.swift */,
				56FF25F4249753DE00E5518E /* SceneDelegate.swift */,
				56FF25F6249753DE00E5518E /* ViewController.swift */,
				56FF25FB249753E000E5518E /* Assets.xcassets */,
				56FF26062497592200E5518E /* Model */,
				56FF25FD249753E000E5518E /* LaunchScreen.storyboard */,
				56FF2600249753E000E5518E /* Info.plist */,
			);
			path = BestNotesYandex;
			sourceTree = "<group>";
		};
		56FF26062497592200E5518E /* Model */ = {
			isa = PBXGroup;
			children = (
				56FF26072497593000E5518E /* Note.swift */,
				56FF260924975D1800E5518E /*  NoteExtension.swift */,
			);
			path = Model;
			sourceTree = "<group>";
		};
/* End PBXGroup section */

/* Begin PBXNativeTarget section */
		56FF25EE249753DD00E5518E /* BestNotesYandex */ = {
			isa = PBXNativeTarget;
			buildConfigurationList = 56FF2603249753E000E5518E /* Build configuration list for PBXNativeTarget "BestNotesYandex" */;
			buildPhases = (
				56FF25EB249753DD00E5518E /* Sources */,
				56FF25EC249753DD00E5518E /* Frameworks */,
				56FF25ED249753DD00E5518E /* Resources */,
			);
			buildRules = (
			);
			dependencies = (
			);
			name = BestNotesYandex;
			productName = BestNotesYandex;
			productReference = 56FF25EF249753DD00E5518E /* BestNotesYandex.app */;
			productType = "com.apple.product-type.application";
		};
/* End PBXNativeTarget section */

/* Begin PBXProject section */
		56FF25E7249753DD00E5518E /* Project object */ = {
			isa = PBXProject;
			attributes = {
				LastSwiftUpdateCheck = 1150;
				LastUpgradeCheck = 1150;
				ORGANIZATIONNAME = SergeyProkopyev;
				TargetAttributes = {
					56FF25EE249753DD00E5518E = {
						CreatedOnToolsVersion = 11.5;
					};
				};
			};
			buildConfigurationList = 56FF25EA249753DD00E5518E /* Build configuration list for PBXProject "BestNotesYandex" */;
			compatibilityVersion = "Xcode 9.3";
			developmentRegion = en;
			hasScannedForEncodings = 0;
			knownRegions = (
				en,
				Base,
			);
			mainGroup = 56FF25E6249753DD00E5518E;
			productRefGroup = 56FF25F0249753DD00E5518E /* Products */;
			projectDirPath = "";
			projectRoot = "";
			targets = (
				56FF25EE249753DD00E5518E /* BestNotesYandex */,
			);
		};
/* End PBXProject section */

/* Begin PBXResourcesBuildPhase section */
		56FF25ED249753DD00E5518E /* Resources */ = {
			isa = PBXResourcesBuildPhase;
			buildActionMask = 2147483647;
			files = (
				56FF25FF249753E000E5518E /* LaunchScreen.storyboard in Resources */,
				56FF25FC249753E000E5518E /* Assets.xcassets in Resources */,
			);
			runOnlyForDeploymentPostprocessing = 0;
		};
/* End PBXResourcesBuildPhase section */

/* Begin PBXSourcesBuildPhase section */
		56FF25EB249753DD00E5518E /* Sources */ = {
			isa = PBXSourcesBuildPhase;
			buildActionMask = 2147483647;
			files = (
				56FF25F7249753DE00E5518E /* ViewController.swift in Sources */,
				56FF25F3249753DD00E5518E /* AppDelegate.swift in Sources */,
				56FF260A24975D1800E5518E /*  NoteExtension.swift in Sources */,
				56FF25F5249753DE00E5518E /* SceneDelegate.swift in Sources */,
				56FF26082497593000E5518E /* Note.swift in Sources */,
			);
			runOnlyForDeploymentPostprocessing = 0;
		};
/* End PBXSourcesBuildPhase section */

/* Begin PBXVariantGroup section */
		56FF25FD249753E000E5518E /* LaunchScreen.storyboard */ = {
			isa = PBXVariantGroup;
			children = (
				56FF25FE249753E000E5518E /* Base */,
			);
			name = LaunchScreen.storyboard;
			sourceTree = "<group>";
		};
/* End PBXVariantGroup section */

/* Begin XCBuildConfiguration section */
		56FF2601249753E000E5518E /* Debug */ = {
			isa = XCBuildConfiguration;
			buildSettings = {
				ALWAYS_SEARCH_USER_PATHS = NO;
				CLANG_ANALYZER_NONNULL = YES;
				CLANG_ANALYZER_NUMBER_OBJECT_CONVERSION = YES_AGGRESSIVE;
				CLANG_CXX_LANGUAGE_STANDARD = "gnu++14";
				CLANG_CXX_LIBRARY = "libc++";
				CLANG_ENABLE_MODULES = YES;
				CLANG_ENABLE_OBJC_ARC = YES;
				CLANG_ENABLE_OBJC_WEAK = YES;
				CLANG_WARN_BLOCK_CAPTURE_AUTORELEASING = YES;
				CLANG_WARN_BOOL_CONVERSION = YES;
				CLANG_WARN_COMMA = YES;
				CLANG_WARN_CONSTANT_CONVERSION = YES;
				CLANG_WARN_DEPRECATED_OBJC_IMPLEMENTATIONS = YES;
				CLANG_WARN_DIRECT_OBJC_ISA_USAGE = YES_ERROR;
				CLANG_WARN_DOCUMENTATION_COMMENTS = YES;
				CLANG_WARN_EMPTY_BODY = YES;
				CLANG_WARN_ENUM_CONVERSION = YES;
				CLANG_WARN_INFINITE_RECURSION = YES;
				CLANG_WARN_INT_CONVERSION = YES;
				CLANG_WARN_NON_LITERAL_NULL_CONVERSION = YES;
				CLANG_WARN_OBJC_IMPLICIT_RETAIN_SELF = YES;
				CLANG_WARN_OBJC_LITERAL_CONVERSION = YES;
				CLANG_WARN_OBJC_ROOT_CLASS = YES_ERROR;
				CLANG_WARN_RANGE_LOOP_ANALYSIS = YES;
				CLANG_WARN_STRICT_PROTOTYPES = YES;
				CLANG_WARN_SUSPICIOUS_MOVE = YES;
				CLANG_WARN_UNGUARDED_AVAILABILITY = YES_AGGRESSIVE;
				CLANG_WARN_UNREACHABLE_CODE = YES;
				CLANG_WARN__DUPLICATE_METHOD_MATCH = YES;
				COPY_PHASE_STRIP = NO;
				DEBUG_INFORMATION_FORMAT = dwarf;
				ENABLE_STRICT_OBJC_MSGSEND = YES;
				ENABLE_TESTABILITY = YES;
				GCC_C_LANGUAGE_STANDARD = gnu11;
				GCC_DYNAMIC_NO_PIC = NO;
				GCC_NO_COMMON_BLOCKS = YES;
				GCC_OPTIMIZATION_LEVEL = 0;
				GCC_PREPROCESSOR_DEFINITIONS = (
					"DEBUG=1",
					"$(inherited)",
				);
				GCC_WARN_64_TO_32_BIT_CONVERSION = YES;
				GCC_WARN_ABOUT_RETURN_TYPE = YES_ERROR;
				GCC_WARN_UNDECLARED_SELECTOR = YES;
				GCC_WARN_UNINITIALIZED_AUTOS = YES_AGGRESSIVE;
				GCC_WARN_UNUSED_FUNCTION = YES;
				GCC_WARN_UNUSED_VARIABLE = YES;
				IPHONEOS_DEPLOYMENT_TARGET = 13.5;
				MTL_ENABLE_DEBUG_INFO = INCLUDE_SOURCE;
				MTL_FAST_MATH = YES;
				ONLY_ACTIVE_ARCH = YES;
				SDKROOT = iphoneos;
				SWIFT_ACTIVE_COMPILATION_CONDITIONS = DEBUG;
				SWIFT_OPTIMIZATION_LEVEL = "-Onone";
			};
			name = Debug;
		};
		56FF2602249753E000E5518E /* Release */ = {
			isa = XCBuildConfiguration;
			buildSettings = {
				ALWAYS_SEARCH_USER_PATHS = NO;
				CLANG_ANALYZER_NONNULL = YES;
				CLANG_ANALYZER_NUMBER_OBJECT_CONVERSION = YES_AGGRESSIVE;
				CLANG_CXX_LANGUAGE_STANDARD = "gnu++14";
				CLANG_CXX_LIBRARY = "libc++";
				CLANG_ENABLE_MODULES = YES;
				CLANG_ENABLE_OBJC_ARC = YES;
				CLANG_ENABLE_OBJC_WEAK = YES;
				CLANG_WARN_BLOCK_CAPTURE_AUTORELEASING = YES;
				CLANG_WARN_BOOL_CONVERSION = YES;
				CLANG_WARN_COMMA = YES;
				CLANG_WARN_CONSTANT_CONVERSION = YES;
				CLANG_WARN_DEPRECATED_OBJC_IMPLEMENTATIONS = YES;
				CLANG_WARN_DIRECT_OBJC_ISA_USAGE = YES_ERROR;
				CLANG_WARN_DOCUMENTATION_COMMENTS = YES;
				CLANG_WARN_EMPTY_BODY = YES;
				CLANG_WARN_ENUM_CONVERSION = YES;
				CLANG_WARN_INFINITE_RECURSION = YES;
				CLANG_WARN_INT_CONVERSION = YES;
				CLANG_WARN_NON_LITERAL_NULL_CONVERSION = YES;
				CLANG_WARN_OBJC_IMPLICIT_RETAIN_SELF = YES;
				CLANG_WARN_OBJC_LITERAL_CONVERSION = YES;
				CLANG_WARN_OBJC_ROOT_CLASS = YES_ERROR;
				CLANG_WARN_RANGE_LOOP_ANALYSIS = YES;
				CLANG_WARN_STRICT_PROTOTYPES = YES;
				CLANG_WARN_SUSPICIOUS_MOVE = YES;
				CLANG_WARN_UNGUARDED_AVAILABILITY = YES_AGGRESSIVE;
				CLANG_WARN_UNREACHABLE_CODE = YES;
				CLANG_WARN__DUPLICATE_METHOD_MATCH = YES;
				COPY_PHASE_STRIP = NO;
				DEBUG_INFORMATION_FORMAT = "dwarf-with-dsym";
				ENABLE_NS_ASSERTIONS = NO;
				ENABLE_STRICT_OBJC_MSGSEND = YES;
				GCC_C_LANGUAGE_STANDARD = gnu11;
				GCC_NO_COMMON_BLOCKS = YES;
				GCC_WARN_64_TO_32_BIT_CONVERSION = YES;
				GCC_WARN_ABOUT_RETURN_TYPE = YES_ERROR;
				GCC_WARN_UNDECLARED_SELECTOR = YES;
				GCC_WARN_UNINITIALIZED_AUTOS = YES_AGGRESSIVE;
				GCC_WARN_UNUSED_FUNCTION = YES;
				GCC_WARN_UNUSED_VARIABLE = YES;
				IPHONEOS_DEPLOYMENT_TARGET = 13.5;
				MTL_ENABLE_DEBUG_INFO = NO;
				MTL_FAST_MATH = YES;
				SDKROOT = iphoneos;
				SWIFT_COMPILATION_MODE = wholemodule;
				SWIFT_OPTIMIZATION_LEVEL = "-O";
				VALIDATE_PRODUCT = YES;
			};
			name = Release;
		};
		56FF2604249753E000E5518E /* Debug */ = {
			isa = XCBuildConfiguration;
			buildSettings = {
				ASSETCATALOG_COMPILER_APPICON_NAME = AppIcon;
				CODE_SIGN_STYLE = Automatic;
				DEVELOPMENT_TEAM = KMJG654R42;
				INFOPLIST_FILE = BestNotesYandex/Info.plist;
				LD_RUNPATH_SEARCH_PATHS = (
					"$(inherited)",
					"@executable_path/Frameworks",
				);
				PRODUCT_BUNDLE_IDENTIFIER = ru.SergeyProkopyev.BestNotesYandex;
				PRODUCT_NAME = "$(TARGET_NAME)";
				SWIFT_VERSION = 5.0;
				TARGETED_DEVICE_FAMILY = 1;
			};
			name = Debug;
		};
		56FF2605249753E000E5518E /* Release */ = {
			isa = XCBuildConfiguration;
			buildSettings = {
				ASSETCATALOG_COMPILER_APPICON_NAME = AppIcon;
				CODE_SIGN_STYLE = Automatic;
				DEVELOPMENT_TEAM = KMJG654R42;
				INFOPLIST_FILE = BestNotesYandex/Info.plist;
				LD_RUNPATH_SEARCH_PATHS = (
					"$(inherited)",
					"@executable_path/Frameworks",
				);
				PRODUCT_BUNDLE_IDENTIFIER = ru.SergeyProkopyev.BestNotesYandex;
				PRODUCT_NAME = "$(TARGET_NAME)";
				SWIFT_VERSION = 5.0;
				TARGETED_DEVICE_FAMILY = 1;
			};
			name = Release;
		};
/* End XCBuildConfiguration section */

/* Begin XCConfigurationList section */
		56FF25EA249753DD00E5518E /* Build configuration list for PBXProject "BestNotesYandex" */ = {
			isa = XCConfigurationList;
			buildConfigurations = (
				56FF2601249753E000E5518E /* Debug */,
				56FF2602249753E000E5518E /* Release */,
			);
			defaultConfigurationIsVisible = 0;
			defaultConfigurationName = Release;
		};
		56FF2603249753E000E5518E /* Build configuration list for PBXNativeTarget "BestNotesYandex" */ = {
			isa = XCConfigurationList;
			buildConfigurations = (
				56FF2604249753E000E5518E /* Debug */,
				56FF2605249753E000E5518E /* Release */,
			);
			defaultConfigurationIsVisible = 0;
			defaultConfigurationName = Release;
		};
/* End XCConfigurationList section */
	};
	rootObject = 56FF25E7249753DD00E5518E /* Project object */;
}
